
Microsoft Visual Studio Solution File, Format Version 12.00
# Visual Studio Version 17
VisualStudioVersion = 17.12.35527.113
MinimumVisualStudioVersion = 10.0.40219.1
Project("{FAE04EC0-301F-11D3-BF4B-00C04F79EFBC}") = "CourseApp.Backend.Core", "CourseApp.Backend.Core\CourseApp.Backend.Core.csproj", "{B34EDE63-13F7-4637-B881-20D9C19F7BAA}"
EndProject
Project("{FAE04EC0-301F-11D3-BF4B-00C04F79EFBC}") = "CourseApp.Backend.Entities", "CourseApp.Backend.Entities\CourseApp.Backend.Entities.csproj", "{1E36A8BC-21CF-4473-B503-5F78BD60665F}"
EndProject
Project("{FAE04EC0-301F-11D3-BF4B-00C04F79EFBC}") = "CourseApp.Backend.Entities.Configurations", "CourseApp.Backend.Entities.Configurations\CourseApp.Backend.Entities.Configurations.csproj", "{C6DB0212-B9EA-4EEB-83B4-DED2414F8224}"
EndProject
Project("{FAE04EC0-301F-11D3-BF4B-00C04F79EFBC}") = "CourseApp.Backend.DataAccess", "CourseApp.Backend.DataAccess\CourseApp.Backend.DataAccess.csproj", "{12A53A39-8D8D-4D51-8358-E30B42D49EC0}"
EndProject
Global
	GlobalSection(SolutionConfigurationPlatforms) = preSolution
		Debug|Any CPU = Debug|Any CPU
		Release|Any CPU = Release|Any CPU
	EndGlobalSection
	GlobalSection(ProjectConfigurationPlatforms) = postSolution
		{B34EDE63-13F7-4637-B881-20D9C19F7BAA}.Debug|Any CPU.ActiveCfg = Debug|Any CPU
		{B34EDE63-13F7-4637-B881-20D9C19F7BAA}.Debug|Any CPU.Build.0 = Debug|Any CPU
		{B34EDE63-13F7-4637-B881-20D9C19F7BAA}.Release|Any CPU.ActiveCfg = Release|Any CPU
		{B34EDE63-13F7-4637-B881-20D9C19F7BAA}.Release|Any CPU.Build.0 = Release|Any CPU
		{1E36A8BC-21CF-4473-B503-5F78BD60665F}.Debug|Any CPU.ActiveCfg = Debug|Any CPU
		{1E36A8BC-21CF-4473-B503-5F78BD60665F}.Debug|Any CPU.Build.0 = Debug|Any CPU
		{1E36A8BC-21CF-4473-B503-5F78BD60665F}.Release|Any CPU.ActiveCfg = Release|Any CPU
		{1E36A8BC-21CF-4473-B503-5F78BD60665F}.Release|Any CPU.Build.0 = Release|Any CPU
		{C6DB0212-B9EA-4EEB-83B4-DED2414F8224}.Debug|Any CPU.ActiveCfg = Debug|Any CPU
		{C6DB0212-B9EA-4EEB-83B4-DED2414F8224}.Debug|Any CPU.Build.0 = Debug|Any CPU
		{C6DB0212-B9EA-4EEB-83B4-DED2414F8224}.Release|Any CPU.ActiveCfg = Release|Any CPU
		{C6DB0212-B9EA-4EEB-83B4-DED2414F8224}.Release|Any CPU.Build.0 = Release|Any CPU
		{12A53A39-8D8D-4D51-8358-E30B42D49EC0}.Debug|Any CPU.ActiveCfg = Debug|Any CPU
		{12A53A39-8D8D-4D51-8358-E30B42D49EC0}.Debug|Any CPU.Build.0 = Debug|Any CPU
		{12A53A39-8D8D-4D51-8358-E30B42D49EC0}.Release|Any CPU.ActiveCfg = Release|Any CPU
		{12A53A39-8D8D-4D51-8358-E30B42D49EC0}.Release|Any CPU.Build.0 = Release|Any CPU
	EndGlobalSection
	GlobalSection(SolutionProperties) = preSolution
		HideSolutionNode = FALSE
	EndGlobalSection
EndGlobal
